
Microsoft Visual Studio Solution File, Format Version 12.00
# Visual Studio Version 17
VisualStudioVersion = 17.8.34525.116
MinimumVisualStudioVersion = 10.0.40219.1
Project("{FAE04EC0-301F-11D3-BF4B-00C04F79EFBC}") = "UserApplication", "UserApplication\UserApplication.csproj", "{977EF7AD-8F45-4A30-BFAB-09C3E32F2FCD}"
EndProject
Global
	GlobalSection(SolutionConfigurationPlatforms) = preSolution
		Debug|Any CPU = Debug|Any CPU
		Release|Any CPU = Release|Any CPU
	EndGlobalSection
	GlobalSection(ProjectConfigurationPlatforms) = postSolution
		{977EF7AD-8F45-4A30-BFAB-09C3E32F2FCD}.Debug|Any CPU.ActiveCfg = Debug|Any CPU
		{977EF7AD-8F45-4A30-BFAB-09C3E32F2FCD}.Debug|Any CPU.Build.0 = Debug|Any CPU
		{977EF7AD-8F45-4A30-BFAB-09C3E32F2FCD}.Release|Any CPU.ActiveCfg = Release|Any CPU
		{977EF7AD-8F45-4A30-BFAB-09C3E32F2FCD}.Release|Any CPU.Build.0 = Release|Any CPU
	EndGlobalSection
	GlobalSection(SolutionProperties) = preSolution
		HideSolutionNode = FALSE
	EndGlobalSection
	GlobalSection(ExtensibilityGlobals) = postSolution
		SolutionGuid = {8C82521D-0CE6-4C9F-BF8E-D09C1A622CD8}
	EndGlobalSection
EndGlobal
